// !$*UTF8*$!
{
	archiveVersion = 1;
	classes = {
	};
	objectVersion = 46;
	objects = {

/* Begin PBXBuildFile section */
		C002EF027C69813C7D06A25C /* libPods.a in Frameworks */ = {isa = PBXBuildFile; fileRef = 8A71EF36A7764F9CC2B959F4 /* libPods.a */; };
		D3A796491CD1FBF8008D09E4 /* main.m in Sources */ = {isa = PBXBuildFile; fileRef = D3A796481CD1FBF8008D09E4 /* main.m */; };
		D3A7964C1CD1FBF8008D09E4 /* AppDelegate.m in Sources */ = {isa = PBXBuildFile; fileRef = D3A7964B1CD1FBF8008D09E4 /* AppDelegate.m */; };
		D3A7964F1CD1FBF8008D09E4 /* ViewController.m in Sources */ = {isa = PBXBuildFile; fileRef = D3A7964E1CD1FBF8008D09E4 /* ViewController.m */; };
		D3A796521CD1FBF8008D09E4 /* Main.storyboard in Resources */ = {isa = PBXBuildFile; fileRef = D3A796501CD1FBF8008D09E4 /* Main.storyboard */; };
		D3A796541CD1FBF8008D09E4 /* Assets.xcassets in Resources */ = {isa = PBXBuildFile; fileRef = D3A796531CD1FBF8008D09E4 /* Assets.xcassets */; };
		D3A796571CD1FBF8008D09E4 /* LaunchScreen.storyboard in Resources */ = {isa = PBXBuildFile; fileRef = D3A796551CD1FBF8008D09E4 /* LaunchScreen.storyboard */; };
		D3A796631CD1FD0F008D09E4 /* YSYViewControllerIntercepter.m in Sources */ = {isa = PBXBuildFile; fileRef = D3A796621CD1FD0F008D09E4 /* YSYViewControllerIntercepter.m */; };
/* End PBXBuildFile section */

/* Begin PBXFileReference section */
		7959B6E75831D91302FC497A /* Pods.debug.xcconfig */ = {isa = PBXFileReference; includeInIndex = 1; lastKnownFileType = text.xcconfig; name = Pods.debug.xcconfig; path = "Pods/Target Support Files/Pods/Pods.debug.xcconfig"; sourceTree = "<group>"; };
		8A71EF36A7764F9CC2B959F4 /* libPods.a */ = {isa = PBXFileReference; explicitFileType = archive.ar; includeInIndex = 0; path = libPods.a; sourceTree = BUILT_PRODUCTS_DIR; };
		8F84D2B0E860F0BE849B225A /* Pods.release.xcconfig */ = {isa = PBXFileReference; includeInIndex = 1; lastKnownFileType = text.xcconfig; name = Pods.release.xcconfig; path = "Pods/Target Support Files/Pods/Pods.release.xcconfig"; sourceTree = "<group>"; };
		D3A796441CD1FBF8008D09E4 /* YSYAspectsDemo.app */ = {isa = PBXFileReference; explicitFileType = wrapper.application; includeInIndex = 0; path = YSYAspectsDemo.app; sourceTree = BUILT_PRODUCTS_DIR; };
		D3A796481CD1FBF8008D09E4 /* main.m */ = {isa = PBXFileReference; lastKnownFileType = sourcecode.c.objc; path = main.m; sourceTree = "<group>"; };
		D3A7964A1CD1FBF8008D09E4 /* AppDelegate.h */ = {isa = PBXFileReference; lastKnownFileType = sourcecode.c.h; path = AppDelegate.h; sourceTree = "<group>"; };
		D3A7964B1CD1FBF8008D09E4 /* AppDelegate.m */ = {isa = PBXFileReference; lastKnownFileType = sourcecode.c.objc; path = AppDelegate.m; sourceTree = "<group>"; };
		D3A7964D1CD1FBF8008D09E4 /* ViewController.h */ = {isa = PBXFileReference; lastKnownFileType = sourcecode.c.h; path = ViewController.h; sourceTree = "<group>"; };
		D3A7964E1CD1FBF8008D09E4 /* ViewController.m */ = {isa = PBXFileReference; lastKnownFileType = sourcecode.c.objc; path = ViewController.m; sourceTree = "<group>"; };
		D3A796511CD1FBF8008D09E4 /* Base */ = {isa = PBXFileReference; lastKnownFileType = file.storyboard; name = Base; path = Base.lproj/Main.storyboard; sourceTree = "<group>"; };
		D3A796531CD1FBF8008D09E4 /* Assets.xcassets */ = {isa = PBXFileReference; lastKnownFileType = folder.assetcatalog; path = Assets.xcassets; sourceTree = "<group>"; };
		D3A796561CD1FBF8008D09E4 /* Base */ = {isa = PBXFileReference; lastKnownFileType = file.storyboard; name = Base; path = Base.lproj/LaunchScreen.storyboard; sourceTree = "<group>"; };
		D3A796581CD1FBF8008D09E4 /* Info.plist */ = {isa = PBXFileReference; lastKnownFileType = text.plist.xml; path = Info.plist; sourceTree = "<group>"; };
		D3A796611CD1FD0F008D09E4 /* YSYViewControllerIntercepter.h */ = {isa = PBXFileReference; fileEncoding = 4; lastKnownFileType = sourcecode.c.h; path = YSYViewControllerIntercepter.h; sourceTree = "<group>"; };
		D3A796621CD1FD0F008D09E4 /* YSYViewControllerIntercepter.m */ = {isa = PBXFileReference; fileEncoding = 4; lastKnownFileType = sourcecode.c.objc; path = YSYViewControllerIntercepter.m; sourceTree = "<group>"; };
/* End PBXFileReference section */

/* Begin PBXFrameworksBuildPhase section */
		D3A796411CD1FBF8008D09E4 /* Frameworks */ = {
			isa = PBXFrameworksBuildPhase;
			buildActionMask = 2147483647;
			files = (
				C002EF027C69813C7D06A25C /* libPods.a in Frameworks */,
			);
			runOnlyForDeploymentPostprocessing = 0;
		};
/* End PBXFrameworksBuildPhase section */

/* Begin PBXGroup section */
		3C52ED817AF31ECF79609563 /* Pods */ = {
			isa = PBXGroup;
			children = (
				7959B6E75831D91302FC497A /* Pods.debug.xcconfig */,
				8F84D2B0E860F0BE849B225A /* Pods.release.xcconfig */,
			);
			name = Pods;
			sourceTree = "<group>";
		};
		54DB85AC01A50BB8A81AD526 /* Frameworks */ = {
			isa = PBXGroup;
			children = (
				8A71EF36A7764F9CC2B959F4 /* libPods.a */,
			);
			name = Frameworks;
			sourceTree = "<group>";
		};
		D3A7963B1CD1FBF8008D09E4 = {
			isa = PBXGroup;
			children = (
				D3A796461CD1FBF8008D09E4 /* YSYAspectsDemo */,
				D3A796451CD1FBF8008D09E4 /* Products */,
				3C52ED817AF31ECF79609563 /* Pods */,
				54DB85AC01A50BB8A81AD526 /* Frameworks */,
			);
			sourceTree = "<group>";
		};
		D3A796451CD1FBF8008D09E4 /* Products */ = {
			isa = PBXGroup;
			children = (
				D3A796441CD1FBF8008D09E4 /* YSYAspectsDemo.app */,
			);
			name = Products;
			sourceTree = "<group>";
		};
		D3A796461CD1FBF8008D09E4 /* YSYAspectsDemo */ = {
			isa = PBXGroup;
			children = (
				D3A796611CD1FD0F008D09E4 /* YSYViewControllerIntercepter.h */,
				D3A796621CD1FD0F008D09E4 /* YSYViewControllerIntercepter.m */,
				D3A7964A1CD1FBF8008D09E4 /* AppDelegate.h */,
				D3A7964B1CD1FBF8008D09E4 /* AppDelegate.m */,
				D3A7964D1CD1FBF8008D09E4 /* ViewController.h */,
				D3A7964E1CD1FBF8008D09E4 /* ViewController.m */,
				D3A796501CD1FBF8008D09E4 /* Main.storyboard */,
				D3A796531CD1FBF8008D09E4 /* Assets.xcassets */,
				D3A796551CD1FBF8008D09E4 /* LaunchScreen.storyboard */,
				D3A796581CD1FBF8008D09E4 /* Info.plist */,
				D3A796471CD1FBF8008D09E4 /* Supporting Files */,
			);
			path = YSYAspectsDemo;
			sourceTree = "<group>";
		};
		D3A796471CD1FBF8008D09E4 /* Supporting Files */ = {
			isa = PBXGroup;
			children = (
				D3A796481CD1FBF8008D09E4 /* main.m */,
			);
			name = "Supporting Files";
			sourceTree = "<group>";
		};
/* End PBXGroup section */

/* Begin PBXNativeTarget section */
		D3A796431CD1FBF8008D09E4 /* YSYAspectsDemo */ = {
			isa = PBXNativeTarget;
			buildConfigurationList = D3A7965B1CD1FBF8008D09E4 /* Build configuration list for PBXNativeTarget "YSYAspectsDemo" */;
			buildPhases = (
				F535922D9D48CC0F0FD6BB76 /* Check Pods Manifest.lock */,
				D3A796401CD1FBF8008D09E4 /* Sources */,
				D3A796411CD1FBF8008D09E4 /* Frameworks */,
				D3A796421CD1FBF8008D09E4 /* Resources */,
				B3067B75F5029B15FAC5C20A /* Embed Pods Frameworks */,
				525516DA0976A468E5306076 /* Copy Pods Resources */,
			);
			buildRules = (
			);
			dependencies = (
			);
			name = YSYAspectsDemo;
			productName = YSYAspectsDemo;
			productReference = D3A796441CD1FBF8008D09E4 /* YSYAspectsDemo.app */;
			productType = "com.apple.product-type.application";
		};
/* End PBXNativeTarget section */

/* Begin PBXProject section */
		D3A7963C1CD1FBF8008D09E4 /* Project object */ = {
			isa = PBXProject;
			attributes = {
				LastUpgradeCheck = 0730;
				ORGANIZATIONNAME = yushengyang;
				TargetAttributes = {
					D3A796431CD1FBF8008D09E4 = {
						CreatedOnToolsVersion = 7.3;
					};
				};
			};
			buildConfigurationList = D3A7963F1CD1FBF8008D09E4 /* Build configuration list for PBXProject "YSYAspectsDemo" */;
			compatibilityVersion = "Xcode 3.2";
			developmentRegion = English;
			hasScannedForEncodings = 0;
			knownRegions = (
				en,
				Base,
			);
			mainGroup = D3A7963B1CD1FBF8008D09E4;
			productRefGroup = D3A796451CD1FBF8008D09E4 /* Products */;
			projectDirPath = "";
			projectRoot = "";
			targets = (
				D3A796431CD1FBF8008D09E4 /* YSYAspectsDemo */,
			);
		};
/* End PBXProject section */

/* Begin PBXResourcesBuildPhase section */
		D3A796421CD1FBF8008D09E4 /* Resources */ = {
			isa = PBXResourcesBuildPhase;
			buildActionMask = 2147483647;
			files = (
				D3A796571CD1FBF8008D09E4 /* LaunchScreen.storyboard in Resources */,
				D3A796541CD1FBF8008D09E4 /* Assets.xcassets in Resources */,
				D3A796521CD1FBF8008D09E4 /* Main.storyboard in Resources */,
			);
			runOnlyForDeploymentPostprocessing = 0;
		};
/* End PBXResourcesBuildPhase section */

/* Begin PBXShellScriptBuildPhase section */
		525516DA0976A468E5306076 /* Copy Pods Resources */ = {
			isa = PBXShellScriptBuildPhase;
			buildActionMask = 2147483647;
			files = (
			);
			inputPaths = (
			);
			name = "Copy Pods Resources";
			outputPaths = (
			);
			runOnlyForDeploymentPostprocessing = 0;
			shellPath = /bin/sh;
			shellScript = "\"${SRCROOT}/Pods/Target Support Files/Pods/Pods-resources.sh\"\n";
			showEnvVarsInLog = 0;
		};
		B3067B75F5029B15FAC5C20A /* Embed Pods Frameworks */ = {
			isa = PBXShellScriptBuildPhase;
			buildActionMask = 2147483647;
			files = (
			);
			inputPaths = (
			);
			name = "Embed Pods Frameworks";
			outputPaths = (
			);
			runOnlyForDeploymentPostprocessing = 0;
			shellPath = /bin/sh;
			shellScript = "\"${SRCROOT}/Pods/Target Support Files/Pods/Pods-frameworks.sh\"\n";
			showEnvVarsInLog = 0;
		};
		F535922D9D48CC0F0FD6BB76 /* Check Pods Manifest.lock */ = {
			isa = PBXShellScriptBuildPhase;
			buildActionMask = 2147483647;
			files = (
			);
			inputPaths = (
			);
			name = "Check Pods Manifest.lock";
			outputPaths = (
			);
			runOnlyForDeploymentPostprocessing = 0;
			shellPath = /bin/sh;
			shellScript = "diff \"${PODS_ROOT}/../Podfile.lock\" \"${PODS_ROOT}/Manifest.lock\" > /dev/null\nif [[ $? != 0 ]] ; then\n    cat << EOM\nerror: The sandbox is not in sync with the Podfile.lock. Run 'pod install' or update your CocoaPods installation.\nEOM\n    exit 1\nfi\n";
			showEnvVarsInLog = 0;
		};
/* End PBXShellScriptBuildPhase section */

/* Begin PBXSourcesBuildPhase section */
		D3A796401CD1FBF8008D09E4 /* Sources */ = {
			isa = PBXSourcesBuildPhase;
			buildActionMask = 2147483647;
			files = (
				D3A7964F1CD1FBF8008D09E4 /* ViewController.m in Sources */,
				D3A7964C1CD1FBF8008D09E4 /* AppDelegate.m in Sources */,
				D3A796631CD1FD0F008D09E4 /* YSYViewControllerIntercepter.m in Sources */,
				D3A796491CD1FBF8008D09E4 /* main.m in Sources */,
			);
			runOnlyForDeploymentPostprocessing = 0;
		};
/* End PBXSourcesBuildPhase section */

/* Begin PBXVariantGroup section */
		D3A796501CD1FBF8008D09E4 /* Main.storyboard */ = {
			isa = PBXVariantGroup;
			children = (
				D3A796511CD1FBF8008D09E4 /* Base */,
			);
			name = Main.storyboard;
			sourceTree = "<group>";
		};
		D3A796551CD1FBF8008D09E4 /* LaunchScreen.storyboard */ = {
			isa = PBXVariantGroup;
			children = (
				D3A796561CD1FBF8008D09E4 /* Base */,
			);
			name = LaunchScreen.storyboard;
			sourceTree = "<group>";
		};
/* End PBXVariantGroup section */

/* Begin XCBuildConfiguration section */
		D3A796591CD1FBF8008D09E4 /* Debug */ = {
			isa = XCBuildConfiguration;
			buildSettings = {
				ALWAYS_SEARCH_USER_PATHS = NO;
				CLANG_ANALYZER_NONNULL = YES;
				CLANG_CXX_LANGUAGE_STANDARD = "gnu++0x";
				CLANG_CXX_LIBRARY = "libc++";
				CLANG_ENABLE_MODULES = YES;
				CLANG_ENABLE_OBJC_ARC = YES;
				CLANG_WARN_BOOL_CONVERSION = YES;
				CLANG_WARN_CONSTANT_CONVERSION = YES;
				CLANG_WARN_DIRECT_OBJC_ISA_USAGE = YES_ERROR;
				CLANG_WARN_EMPTY_BODY = YES;
				CLANG_WARN_ENUM_CONVERSION = YES;
				CLANG_WARN_INT_CONVERSION = YES;
				CLANG_WARN_OBJC_ROOT_CLASS = YES_ERROR;
				CLANG_WARN_UNREACHABLE_CODE = YES;
				CLANG_WARN__DUPLICATE_METHOD_MATCH = YES;
				"CODE_SIGN_IDENTITY[sdk=iphoneos*]" = "iPhone Developer";
				COPY_PHASE_STRIP = NO;
				DEBUG_INFORMATION_FORMAT = dwarf;
				ENABLE_STRICT_OBJC_MSGSEND = YES;
				ENABLE_TESTABILITY = YES;
				GCC_C_LANGUAGE_STANDARD = gnu99;
				GCC_DYNAMIC_NO_PIC = NO;
				GCC_NO_COMMON_BLOCKS = YES;
				GCC_OPTIMIZATION_LEVEL = 0;
				GCC_PREPROCESSOR_DEFINITIONS = (
					"DEBUG=1",
					"$(inherited)",
				);
				GCC_WARN_64_TO_32_BIT_CONVERSION = YES;
				GCC_WARN_ABOUT_RETURN_TYPE = YES_ERROR;
				GCC_WARN_UNDECLARED_SELECTOR = YES;
				GCC_WARN_UNINITIALIZED_AUTOS = YES_AGGRESSIVE;
				GCC_WARN_UNUSED_FUNCTION = YES;
				GCC_WARN_UNUSED_VARIABLE = YES;
				IPHONEOS_DEPLOYMENT_TARGET = 9.3;
				MTL_ENABLE_DEBUG_INFO = YES;
				ONLY_ACTIVE_ARCH = YES;
				SDKROOT = iphoneos;
			};
			name = Debug;
		};
		D3A7965A1CD1FBF8008D09E4 /* Release */ = {
			isa = XCBuildConfiguration;
			buildSettings = {
				ALWAYS_SEARCH_USER_PATHS = NO;
				CLANG_ANALYZER_NONNULL = YES;
				CLANG_CXX_LANGUAGE_STANDARD = "gnu++0x";
				CLANG_CXX_LIBRARY = "libc++";
				CLANG_ENABLE_MODULES = YES;
				CLANG_ENABLE_OBJC_ARC = YES;
				CLANG_WARN_BOOL_CONVERSION = YES;
				CLANG_WARN_CONSTANT_CONVERSION = YES;
				CLANG_WARN_DIRECT_OBJC_ISA_USAGE = YES_ERROR;
				CLANG_WARN_EMPTY_BODY = YES;
				CLANG_WARN_ENUM_CONVERSION = YES;
				CLANG_WARN_INT_CONVERSION = YES;
				CLANG_WARN_OBJC_ROOT_CLASS = YES_ERROR;
				CLANG_WARN_UNREACHABLE_CODE = YES;
				CLANG_WARN__DUPLICATE_METHOD_MATCH = YES;
				"CODE_SIGN_IDENTITY[sdk=iphoneos*]" = "iPhone Developer";
				COPY_PHASE_STRIP = NO;
				DEBUG_INFORMATION_FORMAT = "dwarf-with-dsym";
				ENABLE_NS_ASSERTIONS = NO;
				ENABLE_STRICT_OBJC_MSGSEND = YES;
				GCC_C_LANGUAGE_STANDARD = gnu99;
				GCC_NO_COMMON_BLOCKS = YES;
				GCC_WARN_64_TO_32_BIT_CONVERSION = YES;
				GCC_WARN_ABOUT_RETURN_TYPE = YES_ERROR;
				GCC_WARN_UNDECLARED_SELECTOR = YES;
				GCC_WARN_UNINITIALIZED_AUTOS = YES_AGGRESSIVE;
				GCC_WARN_UNUSED_FUNCTION = YES;
				GCC_WARN_UNUSED_VARIABLE = YES;
				IPHONEOS_DEPLOYMENT_TARGET = 9.3;
				MTL_ENABLE_DEBUG_INFO = NO;
				SDKROOT = iphoneos;
				VALIDATE_PRODUCT = YES;
			};
			name = Release;
		};
		D3A7965C1CD1FBF8008D09E4 /* Debug */ = {
			isa = XCBuildConfiguration;
			baseConfigurationReference = 7959B6E75831D91302FC497A /* Pods.debug.xcconfig */;
			buildSettings = {
				ASSETCATALOG_COMPILER_APPICON_NAME = AppIcon;
				INFOPLIST_FILE = YSYAspectsDemo/Info.plist;
				LD_RUNPATH_SEARCH_PATHS = "$(inherited) @executable_path/Frameworks";
				PRODUCT_BUNDLE_IDENTIFIER = com.ule.YSYAspectsDemo;
				PRODUCT_NAME = "$(TARGET_NAME)";
			};
			name = Debug;
		};
		D3A7965D1CD1FBF8008D09E4 /* Release */ = {
			isa = XCBuildConfiguration;
			baseConfigurationReference = 8F84D2B0E860F0BE849B225A /* Pods.release.xcconfig */;
			buildSettings = {
				ASSETCATALOG_COMPILER_APPICON_NAME = AppIcon;
				INFOPLIST_FILE = YSYAspectsDemo/Info.plist;
				LD_RUNPATH_SEARCH_PATHS = "$(inherited) @executable_path/Frameworks";
				PRODUCT_BUNDLE_IDENTIFIER = com.ule.YSYAspectsDemo;
				PRODUCT_NAME = "$(TARGET_NAME)";
			};
			name = Release;
		};
/* End XCBuildConfiguration section */

/* Begin XCConfigurationList section */
		D3A7963F1CD1FBF8008D09E4 /* Build configuration list for PBXProject "YSYAspectsDemo" */ = {
			isa = XCConfigurationList;
			buildConfigurations = (
				D3A796591CD1FBF8008D09E4 /* Debug */,
				D3A7965A1CD1FBF8008D09E4 /* Release */,
			);
			defaultConfigurationIsVisible = 0;
			defaultConfigurationName = Release;
		};
		D3A7965B1CD1FBF8008D09E4 /* Build configuration list for PBXNativeTarget "YSYAspectsDemo" */ = {
			isa = XCConfigurationList;
			buildConfigurations = (
				D3A7965C1CD1FBF8008D09E4 /* Debug */,
				D3A7965D1CD1FBF8008D09E4 /* Release */,
			);
			defaultConfigurationIsVisible = 0;
			defaultConfigurationName = Release;
		};
/* End XCConfigurationList section */
	};
	rootObject = D3A7963C1CD1FBF8008D09E4 /* Project object */;
}
